
Microsoft Visual Studio Solution File, Format Version 12.00
# Visual Studio Version 16
VisualStudioVersion = 16.0.30104.148
MinimumVisualStudioVersion = 10.0.40219.1
Project("{FAE04EC0-301F-11D3-BF4B-00C04F79EFBC}") = "Puyo19Finder", "Puyo19Finder\Puyo19Finder.csproj", "{94339F8C-1969-4B53-ADB1-357E376DD08B}"
EndProject
Global
	GlobalSection(SolutionConfigurationPlatforms) = preSolution
		Debug|Any CPU = Debug|Any CPU
		Release|Any CPU = Release|Any CPU
	EndGlobalSection
	GlobalSection(ProjectConfigurationPlatforms) = postSolution
		{94339F8C-1969-4B53-ADB1-357E376DD08B}.Debug|Any CPU.ActiveCfg = Debug|Any CPU
		{94339F8C-1969-4B53-ADB1-357E376DD08B}.Debug|Any CPU.Build.0 = Debug|Any CPU
		{94339F8C-1969-4B53-ADB1-357E376DD08B}.Release|Any CPU.ActiveCfg = Release|Any CPU
		{94339F8C-1969-4B53-ADB1-357E376DD08B}.Release|Any CPU.Build.0 = Release|Any CPU
	EndGlobalSection
	GlobalSection(SolutionProperties) = preSolution
		HideSolutionNode = FALSE
	EndGlobalSection
	GlobalSection(ExtensibilityGlobals) = postSolution
		SolutionGuid = {DC984199-C115-4B21-8EC9-CFA96F25C8F3}
	EndGlobalSection
EndGlobal
